
Microsoft Visual Studio Solution File, Format Version 12.00
# Visual Studio Version 17
VisualStudioVersion = 17.2.32505.173
MinimumVisualStudioVersion = 10.0.40219.1
Project("{FAE04EC0-301F-11D3-BF4B-00C04F79EFBC}") = "Online_Learn", "Online_Learn\Online_Learn.csproj", "{64F5E4FE-056D-4442-9FC0-01F40D0DB326}"
EndProject
Global
	GlobalSection(SolutionConfigurationPlatforms) = preSolution
		Debug|Any CPU = Debug|Any CPU
		Release|Any CPU = Release|Any CPU
	EndGlobalSection
	GlobalSection(ProjectConfigurationPlatforms) = postSolution
		{64F5E4FE-056D-4442-9FC0-01F40D0DB326}.Debug|Any CPU.ActiveCfg = Debug|Any CPU
		{64F5E4FE-056D-4442-9FC0-01F40D0DB326}.Debug|Any CPU.Build.0 = Debug|Any CPU
		{64F5E4FE-056D-4442-9FC0-01F40D0DB326}.Release|Any CPU.ActiveCfg = Release|Any CPU
		{64F5E4FE-056D-4442-9FC0-01F40D0DB326}.Release|Any CPU.Build.0 = Release|Any CPU
	EndGlobalSection
	GlobalSection(SolutionProperties) = preSolution
		HideSolutionNode = FALSE
	EndGlobalSection
	GlobalSection(ExtensibilityGlobals) = postSolution
		SolutionGuid = {9490E9F2-B245-4EC9-95D0-1FEF74B5B77D}
	EndGlobalSection
EndGlobal
